# This file is automatically @generated by Cargo.
# It is not intended for manual editing.
version = 4

[[package]]
name = "bitflags"
version = "2.6.0"
source = "registry+https://github.com/rust-lang/crates.io-index"
checksum = "b048fb63fd8b5923fc5aa7b340d8e156aec7ec02f0c78fa8a6ddc2613f6f71de"

[[package]]
name = "byteorder"
version = "1.5.0"
source = "registry+https://github.com/rust-lang/crates.io-index"
checksum = "1fd0f2584146f6f2ef48085050886acf353beff7305ebd1ae69500e27c67f64b"

[[package]]
name = "elf2ceef"
version = "0.1.0"
dependencies = [
 "byteorder",
]

[[package]]
name = "mkfdfs"
version = "0.1.0"
dependencies = [
 "bitflags",
]

[[package]]
name = "mkinitrd"
version = "0.1.0"
dependencies = [
 "myos-archive",
]

[[package]]
name = "myos-archive"
version = "0.1.0"

[[package]]
name = "wasm-strip"
version = "0.1.0"
